
Microsoft Visual Studio Solution File, Format Version 12.00
# Visual Studio Version 16
VisualStudioVersion = 16.0.30907.101
MinimumVisualStudioVersion = 10.0.40219.1
Project("{FAE04EC0-301F-11D3-BF4B-00C04F79EFBC}") = "BestSimulator", "BestSimulator\BestSimulator.csproj", "{666BEB22-5275-443B-8B31-3EA55D468D1D}"
EndProject
Global
	GlobalSection(SolutionConfigurationPlatforms) = preSolution
		Debug|Any CPU = Debug|Any CPU
		Release|Any CPU = Release|Any CPU
	EndGlobalSection
	GlobalSection(ProjectConfigurationPlatforms) = postSolution
		{666BEB22-5275-443B-8B31-3EA55D468D1D}.Debug|Any CPU.ActiveCfg = Debug|Any CPU
		{666BEB22-5275-443B-8B31-3EA55D468D1D}.Debug|Any CPU.Build.0 = Debug|Any CPU
		{666BEB22-5275-443B-8B31-3EA55D468D1D}.Release|Any CPU.ActiveCfg = Release|Any CPU
		{666BEB22-5275-443B-8B31-3EA55D468D1D}.Release|Any CPU.Build.0 = Release|Any CPU
	EndGlobalSection
	GlobalSection(SolutionProperties) = preSolution
		HideSolutionNode = FALSE
	EndGlobalSection
	GlobalSection(ExtensibilityGlobals) = postSolution
		SolutionGuid = {44AD0B09-9510-49D3-AA70-66576027D429}
	EndGlobalSection
EndGlobal
